
Microsoft Visual Studio Solution File, Format Version 12.00
# Visual Studio Version 16
VisualStudioVersion = 16.0.29326.143
MinimumVisualStudioVersion = 10.0.40219.1
Project("{9A19103F-16F7-4668-BE54-9A1E7A4F7556}") = "Platform.RegularExpressions.Transformer", "csharp\Platform.RegularExpressions.Transformer\Platform.RegularExpressions.Transformer.csproj", "{CC1A4CBE-BBE7-4B39-B70C-491B2CA731CF}"
EndProject
Project("{9A19103F-16F7-4668-BE54-9A1E7A4F7556}") = "Platform.RegularExpressions.Transformer.Tests", "csharp\Platform.RegularExpressions.Transformer.Tests\Platform.RegularExpressions.Transformer.Tests.csproj", "{1A8B957B-EFE1-4D56-A208-84A8F94404AA}"
EndProject
Global
	GlobalSection(SolutionConfigurationPlatforms) = preSolution
		Debug|Any CPU = Debug|Any CPU
		Release|Any CPU = Release|Any CPU
	EndGlobalSection
	GlobalSection(ProjectConfigurationPlatforms) = postSolution
		{CC1A4CBE-BBE7-4B39-B70C-491B2CA731CF}.Debug|Any CPU.ActiveCfg = Debug|Any CPU
		{CC1A4CBE-BBE7-4B39-B70C-491B2CA731CF}.Debug|Any CPU.Build.0 = Debug|Any CPU
		{CC1A4CBE-BBE7-4B39-B70C-491B2CA731CF}.Release|Any CPU.ActiveCfg = Release|Any CPU
		{CC1A4CBE-BBE7-4B39-B70C-491B2CA731CF}.Release|Any CPU.Build.0 = Release|Any CPU
		{1A8B957B-EFE1-4D56-A208-84A8F94404AA}.Debug|Any CPU.ActiveCfg = Debug|Any CPU
		{1A8B957B-EFE1-4D56-A208-84A8F94404AA}.Debug|Any CPU.Build.0 = Debug|Any CPU
		{1A8B957B-EFE1-4D56-A208-84A8F94404AA}.Release|Any CPU.ActiveCfg = Release|Any CPU
		{1A8B957B-EFE1-4D56-A208-84A8F94404AA}.Release|Any CPU.Build.0 = Release|Any CPU
	EndGlobalSection
	GlobalSection(SolutionProperties) = preSolution
		HideSolutionNode = FALSE
	EndGlobalSection
	GlobalSection(ExtensibilityGlobals) = postSolution
		SolutionGuid = {70937F8A-7518-405A-9A61-6C116D17481D}
	EndGlobalSection
EndGlobal
